Microsoft Visual Studio Solution File, Format Version 11.00
# Visual Studio 2008

Project("{5F619614-29B4-862E-D2E8-8178592E0E6B}") = "CrazyBombfessor", "Assembly-CSharp.csproj", "{AE695D32-BB1E-3077-283F-1FE8AB924AD7}"
EndProject
Global
	GlobalSection(SolutionConfigurationPlatforms) = preSolution
		Debug|Any CPU = Debug|Any CPU
		Release|Any CPU = Release|Any CPU
	EndGlobalSection
	GlobalSection(ProjectConfigurationPlatforms) = postSolution
		{AE695D32-BB1E-3077-283F-1FE8AB924AD7}.Debug|Any CPU.ActiveCfg = Debug|Any CPU
		{AE695D32-BB1E-3077-283F-1FE8AB924AD7}.Debug|Any CPU.Build.0 = Debug|Any CPU
		{AE695D32-BB1E-3077-283F-1FE8AB924AD7}.Release|Any CPU.ActiveCfg = Release|Any CPU
		{AE695D32-BB1E-3077-283F-1FE8AB924AD7}.Release|Any CPU.Build.0 = Release|Any CPU
	EndGlobalSection
	GlobalSection(SolutionProperties) = preSolution
		HideSolutionNode = FALSE
	EndGlobalSection
	GlobalSection(MonoDevelopProperties) = preSolution
		StartupItem = Assembly-CSharp.csproj
	EndGlobalSection
EndGlobal
